
Microsoft Visual Studio Solution File, Format Version 12.00
# Visual Studio Version 17
VisualStudioVersion = 17.5.002.0
MinimumVisualStudioVersion = 10.0.40219.1
Project("{9A19103F-16F7-4668-BE54-9A1E7A4F7556}") = "ECommerceBookStore", "ECommerceBookStore.csproj", "{7CA85011-2B17-4C73-9CED-39D1200AE83F}"
EndProject
Global
	GlobalSection(SolutionConfigurationPlatforms) = preSolution
		Debug|Any CPU = Debug|Any CPU
		Release|Any CPU = Release|Any CPU
	EndGlobalSection
	GlobalSection(ProjectConfigurationPlatforms) = postSolution
		{7CA85011-2B17-4C73-9CED-39D1200AE83F}.Debug|Any CPU.ActiveCfg = Debug|Any CPU
		{7CA85011-2B17-4C73-9CED-39D1200AE83F}.Debug|Any CPU.Build.0 = Debug|Any CPU
		{7CA85011-2B17-4C73-9CED-39D1200AE83F}.Release|Any CPU.ActiveCfg = Release|Any CPU
		{7CA85011-2B17-4C73-9CED-39D1200AE83F}.Release|Any CPU.Build.0 = Release|Any CPU
	EndGlobalSection
	GlobalSection(SolutionProperties) = preSolution
		HideSolutionNode = FALSE
	EndGlobalSection
	GlobalSection(ExtensibilityGlobals) = postSolution
		SolutionGuid = {19D60D9A-43AE-4A9A-9B24-09B48AA23EA4}
	EndGlobalSection
EndGlobal
